
Microsoft Visual Studio Solution File, Format Version 12.00
# Visual Studio Version 17
VisualStudioVersion = 17.5.002.0
MinimumVisualStudioVersion = 10.0.40219.1
Project("{9A19103F-16F7-4668-BE54-9A1E7A4F7556}") = "Rmber the numbers", "Rmber the numbers.csproj", "{43F48CEA-BD37-48B1-94B9-FB733E59C65C}"
EndProject
Global
	GlobalSection(SolutionConfigurationPlatforms) = preSolution
		Debug|Any CPU = Debug|Any CPU
		Release|Any CPU = Release|Any CPU
	EndGlobalSection
	GlobalSection(ProjectConfigurationPlatforms) = postSolution
		{43F48CEA-BD37-48B1-94B9-FB733E59C65C}.Debug|Any CPU.ActiveCfg = Debug|Any CPU
		{43F48CEA-BD37-48B1-94B9-FB733E59C65C}.Debug|Any CPU.Build.0 = Debug|Any CPU
		{43F48CEA-BD37-48B1-94B9-FB733E59C65C}.Release|Any CPU.ActiveCfg = Release|Any CPU
		{43F48CEA-BD37-48B1-94B9-FB733E59C65C}.Release|Any CPU.Build.0 = Release|Any CPU
	EndGlobalSection
	GlobalSection(SolutionProperties) = preSolution
		HideSolutionNode = FALSE
	EndGlobalSection
	GlobalSection(ExtensibilityGlobals) = postSolution
		SolutionGuid = {4E6AF6DC-ABBB-42B4-8AE1-CE387F5ECBD3}
	EndGlobalSection
EndGlobal
